
Microsoft Visual Studio Solution File, Format Version 12.00
# Visual Studio 15
Project("{FAE04EC0-301F-11D3-BF4B-00C04F79EFBC}") = "DifferenceOfSquares", "DifferenceOfSquares.csproj", "{EAAE581D-AE74-4B31-9734-706EF6BB284C}"
EndProject
Global
	GlobalSection(SolutionConfigurationPlatforms) = preSolution
		Debug|Any CPU = Debug|Any CPU
		Release|Any CPU = Release|Any CPU
	EndGlobalSection
	GlobalSection(ProjectConfigurationPlatforms) = postSolution
		{EAAE581D-AE74-4B31-9734-706EF6BB284C}.Debug|Any CPU.ActiveCfg = Debug|Any CPU
		{EAAE581D-AE74-4B31-9734-706EF6BB284C}.Debug|Any CPU.Build.0 = Debug|Any CPU
		{EAAE581D-AE74-4B31-9734-706EF6BB284C}.Release|Any CPU.ActiveCfg = Release|Any CPU
		{EAAE581D-AE74-4B31-9734-706EF6BB284C}.Release|Any CPU.Build.0 = Release|Any CPU
	EndGlobalSection
EndGlobal
